
Microsoft Visual Studio Solution File, Format Version 12.00
# Visual Studio Version 16
VisualStudioVersion = 16.0.29709.97
MinimumVisualStudioVersion = 10.0.40219.1
Project("{FAE04EC0-301F-11D3-BF4B-00C04F79EFBC}") = "chapter_5extcredt", "chapter_5extcredt\chapter_5extcredt.csproj", "{D3A65DB2-7EEF-497E-B781-461071C63259}"
EndProject
Global
	GlobalSection(SolutionConfigurationPlatforms) = preSolution
		Debug|Any CPU = Debug|Any CPU
		Release|Any CPU = Release|Any CPU
	EndGlobalSection
	GlobalSection(ProjectConfigurationPlatforms) = postSolution
		{D3A65DB2-7EEF-497E-B781-461071C63259}.Debug|Any CPU.ActiveCfg = Debug|Any CPU
		{D3A65DB2-7EEF-497E-B781-461071C63259}.Debug|Any CPU.Build.0 = Debug|Any CPU
		{D3A65DB2-7EEF-497E-B781-461071C63259}.Release|Any CPU.ActiveCfg = Release|Any CPU
		{D3A65DB2-7EEF-497E-B781-461071C63259}.Release|Any CPU.Build.0 = Release|Any CPU
	EndGlobalSection
	GlobalSection(SolutionProperties) = preSolution
		HideSolutionNode = FALSE
	EndGlobalSection
	GlobalSection(ExtensibilityGlobals) = postSolution
		SolutionGuid = {B52CFDB1-3EA8-4ABD-B6FE-E7329D344DD7}
	EndGlobalSection
EndGlobal
